
Microsoft Visual Studio Solution File, Format Version 12.00
# Visual Studio Version 17
VisualStudioVersion = 17.0.31903.59
MinimumVisualStudioVersion = 10.0.40219.1
Project("{FAE04EC0-301F-11D3-BF4B-00C04F79EFBC}") = "StockPlatform.Logic", "src\StockPlatform.Logic\StockPlatform.Logic.csproj", "{B1E1F5A0-0000-4000-8000-000000000005}"
EndProject
Project("{FAE04EC0-301F-11D3-BF4B-00C04F79EFBC}") = "StockPlatform.Data", "src\StockPlatform.Data\StockPlatform.Data.csproj", "{B1E1F5A0-0000-4000-8000-000000000006}"
EndProject
Project("{FAE04EC0-301F-11D3-BF4B-00C04F79EFBC}") = "StockPlatform.Fetcher", "src\StockPlatform.Fetcher\StockPlatform.Fetcher.csproj", "{B1E1F5A0-0000-4000-8000-000000000007}"
EndProject
Project("{FAE04EC0-301F-11D3-BF4B-00C04F79EFBC}") = "StockPlatform.Analyzer", "src\StockPlatform.Analyzer\StockPlatform.Analyzer.csproj", "{B1E1F5A0-0000-4000-8000-000000000008}"
EndProject
Global
	GlobalSection(SolutionConfigurationPlatforms) = preSolution
		Debug|Any CPU = Debug|Any CPU
		Release|Any CPU = Release|Any CPU
	EndGlobalSection
	GlobalSection(ProjectConfigurationPlatforms) = postSolution
		{B1E1F5A0-0000-4000-8000-000000000005}.Debug|Any CPU.ActiveCfg = Debug|Any CPU
		{B1E1F5A0-0000-4000-8000-000000000005}.Debug|Any CPU.Build.0 = Debug|Any CPU
		{B1E1F5A0-0000-4000-8000-000000000005}.Release|Any CPU.ActiveCfg = Release|Any CPU
		{B1E1F5A0-0000-4000-8000-000000000005}.Release|Any CPU.Build.0 = Release|Any CPU
		{B1E1F5A0-0000-4000-8000-000000000006}.Debug|Any CPU.ActiveCfg = Debug|Any CPU
		{B1E1F5A0-0000-4000-8000-000000000006}.Debug|Any CPU.Build.0 = Debug|Any CPU
		{B1E1F5A0-0000-4000-8000-000000000006}.Release|Any CPU.ActiveCfg = Release|Any CPU
		{B1E1F5A0-0000-4000-8000-000000000006}.Release|Any CPU.Build.0 = Release|Any CPU
		{B1E1F5A0-0000-4000-8000-000000000007}.Debug|Any CPU.ActiveCfg = Debug|Any CPU
		{B1E1F5A0-0000-4000-8000-000000000007}.Debug|Any CPU.Build.0 = Debug|Any CPU
		{B1E1F5A0-0000-4000-8000-000000000007}.Release|Any CPU.ActiveCfg = Release|Any CPU
		{B1E1F5A0-0000-4000-8000-000000000007}.Release|Any CPU.Build.0 = Release|Any CPU
		{B1E1F5A0-0000-4000-8000-000000000008}.Debug|Any CPU.ActiveCfg = Debug|Any CPU
		{B1E1F5A0-0000-4000-8000-000000000008}.Debug|Any CPU.Build.0 = Debug|Any CPU
		{B1E1F5A0-0000-4000-8000-000000000008}.Release|Any CPU.ActiveCfg = Release|Any CPU
		{B1E1F5A0-0000-4000-8000-000000000008}.Release|Any CPU.Build.0 = Release|Any CPU
	EndGlobalSection
	GlobalSection(SolutionProperties) = preSolution
		HideSolutionNode = FALSE
	EndGlobalSection
EndGlobal
