
Microsoft Visual Studio Solution File, Format Version 12.00
# Visual Studio Version 17
VisualStudioVersion = 17.0.31903.59
MinimumVisualStudioVersion = 10.0.40219.1
Project("{FAE04EC0-301F-11D3-BF4B-00C04F79EFBC}") = "StockPlatform.Logic", "..\StockPlatform.Logic\StockPlatform.Logic.csproj", "{B1E1F5A0-0000-4000-8000-000000000005}"
EndProject
Project("{FAE04EC0-301F-11D3-BF4B-00C04F79EFBC}") = "StockPlatform.Data", "..\StockPlatform.Data\StockPlatform.Data.csproj", "{B1E1F5A0-0000-4000-8000-000000000006}"
EndProject
Project("{FAE04EC0-301F-11D3-BF4B-00C04F79EFBC}") = "StockPlatform.Fetcher", "StockPlatform.Fetcher\StockPlatform.Fetcher.csproj", "{B1E1F5A0-0000-4000-8000-000000000007}"
EndProject
Project("{FAE04EC0-301F-11D3-BF4B-00C04F79EFBC}") = "StockPlatform.Analyzer", "StockPlatform.Analyzer\StockPlatform.Analyzer.csproj", "{B1E1F5A0-0000-4000-8000-000000000008}"
EndProject
Project("{FAE04EC0-301F-11D3-BF4B-00C04F79EFBC}") = "StockPlatform.FactorLab", "StockPlatform.FactorLab\StockPlatform.FactorLab.csproj", "{CEFA42E5-EC68-46E6-BB2A-55F0E1B3D8F5}"
EndProject
Project("{FAE04EC0-301F-11D3-BF4B-00C04F79EFBC}") = "StockPlatform.Tests", "StockPlatform.Tests\StockPlatform.Tests.csproj", "{99A62080-D673-4FE8-94ED-020B6858702D}"
EndProject
Project("{FAE04EC0-301F-11D3-BF4B-00C04F79EFBC}") = "StockPlatform.Scheduling", "..\StockPlatform.Scheduling\StockPlatform.Scheduling.csproj", "{F17C89A5-508C-4204-BB6A-A799F76C3429}"
EndProject
Project("{FAE04EC0-301F-11D3-BF4B-00C04F79EFBC}") = "StockPlatform.Tasks", "..\StockPlatform.Tasks\StockPlatform.Tasks.csproj", "{7B2A9C31-4E55-4B0A-9C3E-6D1F0A2B8E44}"
EndProject
Project("{FAE04EC0-301F-11D3-BF4B-00C04F79EFBC}") = "StockPlatform.Pdf", "..\StockPlatform.Pdf\StockPlatform.Pdf.csproj", "{1626613E-596B-46EC-B0D2-9971FC9ADDFE}"
EndProject
Global
	GlobalSection(SolutionConfigurationPlatforms) = preSolution
		Debug|Any CPU = Debug|Any CPU
		Debug|x64 = Debug|x64
		Debug|x86 = Debug|x86
		Release|Any CPU = Release|Any CPU
		Release|x64 = Release|x64
		Release|x86 = Release|x86
	EndGlobalSection
	GlobalSection(ProjectConfigurationPlatforms) = postSolution
		{B1E1F5A0-0000-4000-8000-000000000005}.Debug|Any CPU.ActiveCfg = Debug|Any CPU
		{B1E1F5A0-0000-4000-8000-000000000005}.Debug|Any CPU.Build.0 = Debug|Any CPU
		{B1E1F5A0-0000-4000-8000-000000000005}.Debug|x64.ActiveCfg = Debug|Any CPU
		{B1E1F5A0-0000-4000-8000-000000000005}.Debug|x64.Build.0 = Debug|Any CPU
		{B1E1F5A0-0000-4000-8000-000000000005}.Debug|x86.ActiveCfg = Debug|Any CPU
		{B1E1F5A0-0000-4000-8000-000000000005}.Debug|x86.Build.0 = Debug|Any CPU
		{B1E1F5A0-0000-4000-8000-000000000005}.Release|Any CPU.ActiveCfg = Release|Any CPU
		{B1E1F5A0-0000-4000-8000-000000000005}.Release|Any CPU.Build.0 = Release|Any CPU
		{B1E1F5A0-0000-4000-8000-000000000005}.Release|x64.ActiveCfg = Release|Any CPU
		{B1E1F5A0-0000-4000-8000-000000000005}.Release|x64.Build.0 = Release|Any CPU
		{B1E1F5A0-0000-4000-8000-000000000005}.Release|x86.ActiveCfg = Release|Any CPU
		{B1E1F5A0-0000-4000-8000-000000000005}.Release|x86.Build.0 = Release|Any CPU
		{B1E1F5A0-0000-4000-8000-000000000006}.Debug|Any CPU.ActiveCfg = Debug|Any CPU
		{B1E1F5A0-0000-4000-8000-000000000006}.Debug|Any CPU.Build.0 = Debug|Any CPU
		{B1E1F5A0-0000-4000-8000-000000000006}.Debug|x64.ActiveCfg = Debug|Any CPU
		{B1E1F5A0-0000-4000-8000-000000000006}.Debug|x64.Build.0 = Debug|Any CPU
		{B1E1F5A0-0000-4000-8000-000000000006}.Debug|x86.ActiveCfg = Debug|Any CPU
		{B1E1F5A0-0000-4000-8000-000000000006}.Debug|x86.Build.0 = Debug|Any CPU
		{B1E1F5A0-0000-4000-8000-000000000006}.Release|Any CPU.ActiveCfg = Release|Any CPU
		{B1E1F5A0-0000-4000-8000-000000000006}.Release|Any CPU.Build.0 = Release|Any CPU
		{B1E1F5A0-0000-4000-8000-000000000006}.Release|x64.ActiveCfg = Release|Any CPU
		{B1E1F5A0-0000-4000-8000-000000000006}.Release|x64.Build.0 = Release|Any CPU
		{B1E1F5A0-0000-4000-8000-000000000006}.Release|x86.ActiveCfg = Release|Any CPU
		{B1E1F5A0-0000-4000-8000-000000000006}.Release|x86.Build.0 = Release|Any CPU
		{B1E1F5A0-0000-4000-8000-000000000007}.Debug|Any CPU.ActiveCfg = Debug|Any CPU
		{B1E1F5A0-0000-4000-8000-000000000007}.Debug|Any CPU.Build.0 = Debug|Any CPU
		{B1E1F5A0-0000-4000-8000-000000000007}.Debug|x64.ActiveCfg = Debug|Any CPU
		{B1E1F5A0-0000-4000-8000-000000000007}.Debug|x64.Build.0 = Debug|Any CPU
		{B1E1F5A0-0000-4000-8000-000000000007}.Debug|x86.ActiveCfg = Debug|Any CPU
		{B1E1F5A0-0000-4000-8000-000000000007}.Debug|x86.Build.0 = Debug|Any CPU
		{B1E1F5A0-0000-4000-8000-000000000007}.Release|Any CPU.ActiveCfg = Release|Any CPU
		{B1E1F5A0-0000-4000-8000-000000000007}.Release|Any CPU.Build.0 = Release|Any CPU
		{B1E1F5A0-0000-4000-8000-000000000007}.Release|x64.ActiveCfg = Release|Any CPU
		{B1E1F5A0-0000-4000-8000-000000000007}.Release|x64.Build.0 = Release|Any CPU
		{B1E1F5A0-0000-4000-8000-000000000007}.Release|x86.ActiveCfg = Release|Any CPU
		{B1E1F5A0-0000-4000-8000-000000000007}.Release|x86.Build.0 = Release|Any CPU
		{B1E1F5A0-0000-4000-8000-000000000008}.Debug|Any CPU.ActiveCfg = Debug|Any CPU
		{B1E1F5A0-0000-4000-8000-000000000008}.Debug|Any CPU.Build.0 = Debug|Any CPU
		{B1E1F5A0-0000-4000-8000-000000000008}.Debug|x64.ActiveCfg = Debug|Any CPU
		{B1E1F5A0-0000-4000-8000-000000000008}.Debug|x64.Build.0 = Debug|Any CPU
		{B1E1F5A0-0000-4000-8000-000000000008}.Debug|x86.ActiveCfg = Debug|Any CPU
		{B1E1F5A0-0000-4000-8000-000000000008}.Debug|x86.Build.0 = Debug|Any CPU
		{B1E1F5A0-0000-4000-8000-000000000008}.Release|Any CPU.ActiveCfg = Release|Any CPU
		{B1E1F5A0-0000-4000-8000-000000000008}.Release|Any CPU.Build.0 = Release|Any CPU
		{B1E1F5A0-0000-4000-8000-000000000008}.Release|x64.ActiveCfg = Release|Any CPU
		{B1E1F5A0-0000-4000-8000-000000000008}.Release|x64.Build.0 = Release|Any CPU
		{B1E1F5A0-0000-4000-8000-000000000008}.Release|x86.ActiveCfg = Release|Any CPU
		{B1E1F5A0-0000-4000-8000-000000000008}.Release|x86.Build.0 = Release|Any CPU
		{CEFA42E5-EC68-46E6-BB2A-55F0E1B3D8F5}.Debug|Any CPU.ActiveCfg = Debug|Any CPU
		{CEFA42E5-EC68-46E6-BB2A-55F0E1B3D8F5}.Debug|Any CPU.Build.0 = Debug|Any CPU
		{CEFA42E5-EC68-46E6-BB2A-55F0E1B3D8F5}.Debug|x64.ActiveCfg = Debug|Any CPU
		{CEFA42E5-EC68-46E6-BB2A-55F0E1B3D8F5}.Debug|x64.Build.0 = Debug|Any CPU
		{CEFA42E5-EC68-46E6-BB2A-55F0E1B3D8F5}.Debug|x86.ActiveCfg = Debug|Any CPU
		{CEFA42E5-EC68-46E6-BB2A-55F0E1B3D8F5}.Debug|x86.Build.0 = Debug|Any CPU
		{CEFA42E5-EC68-46E6-BB2A-55F0E1B3D8F5}.Release|Any CPU.ActiveCfg = Release|Any CPU
		{CEFA42E5-EC68-46E6-BB2A-55F0E1B3D8F5}.Release|Any CPU.Build.0 = Release|Any CPU
		{CEFA42E5-EC68-46E6-BB2A-55F0E1B3D8F5}.Release|x64.ActiveCfg = Release|Any CPU
		{CEFA42E5-EC68-46E6-BB2A-55F0E1B3D8F5}.Release|x64.Build.0 = Release|Any CPU
		{CEFA42E5-EC68-46E6-BB2A-55F0E1B3D8F5}.Release|x86.ActiveCfg = Release|Any CPU
		{CEFA42E5-EC68-46E6-BB2A-55F0E1B3D8F5}.Release|x86.Build.0 = Release|Any CPU
		{99A62080-D673-4FE8-94ED-020B6858702D}.Debug|Any CPU.ActiveCfg = Debug|Any CPU
		{99A62080-D673-4FE8-94ED-020B6858702D}.Debug|Any CPU.Build.0 = Debug|Any CPU
		{99A62080-D673-4FE8-94ED-020B6858702D}.Debug|x64.ActiveCfg = Debug|Any CPU
		{99A62080-D673-4FE8-94ED-020B6858702D}.Debug|x64.Build.0 = Debug|Any CPU
		{99A62080-D673-4FE8-94ED-020B6858702D}.Debug|x86.ActiveCfg = Debug|Any CPU
		{99A62080-D673-4FE8-94ED-020B6858702D}.Debug|x86.Build.0 = Debug|Any CPU
		{99A62080-D673-4FE8-94ED-020B6858702D}.Release|Any CPU.ActiveCfg = Release|Any CPU
		{99A62080-D673-4FE8-94ED-020B6858702D}.Release|Any CPU.Build.0 = Release|Any CPU
		{99A62080-D673-4FE8-94ED-020B6858702D}.Release|x64.ActiveCfg = Release|Any CPU
		{99A62080-D673-4FE8-94ED-020B6858702D}.Release|x64.Build.0 = Release|Any CPU
		{99A62080-D673-4FE8-94ED-020B6858702D}.Release|x86.ActiveCfg = Release|Any CPU
		{99A62080-D673-4FE8-94ED-020B6858702D}.Release|x86.Build.0 = Release|Any CPU
		{F17C89A5-508C-4204-BB6A-A799F76C3429}.Debug|Any CPU.ActiveCfg = Debug|Any CPU
		{F17C89A5-508C-4204-BB6A-A799F76C3429}.Debug|Any CPU.Build.0 = Debug|Any CPU
		{F17C89A5-508C-4204-BB6A-A799F76C3429}.Debug|x64.ActiveCfg = Debug|Any CPU
		{F17C89A5-508C-4204-BB6A-A799F76C3429}.Debug|x64.Build.0 = Debug|Any CPU
		{F17C89A5-508C-4204-BB6A-A799F76C3429}.Debug|x86.ActiveCfg = Debug|Any CPU
		{F17C89A5-508C-4204-BB6A-A799F76C3429}.Debug|x86.Build.0 = Debug|Any CPU
		{F17C89A5-508C-4204-BB6A-A799F76C3429}.Release|Any CPU.ActiveCfg = Release|Any CPU
		{F17C89A5-508C-4204-BB6A-A799F76C3429}.Release|Any CPU.Build.0 = Release|Any CPU
		{F17C89A5-508C-4204-BB6A-A799F76C3429}.Release|x64.ActiveCfg = Release|Any CPU
		{F17C89A5-508C-4204-BB6A-A799F76C3429}.Release|x64.Build.0 = Release|Any CPU
		{F17C89A5-508C-4204-BB6A-A799F76C3429}.Release|x86.ActiveCfg = Release|Any CPU
		{F17C89A5-508C-4204-BB6A-A799F76C3429}.Release|x86.Build.0 = Release|Any CPU
		{7B2A9C31-4E55-4B0A-9C3E-6D1F0A2B8E44}.Debug|Any CPU.ActiveCfg = Debug|Any CPU
		{7B2A9C31-4E55-4B0A-9C3E-6D1F0A2B8E44}.Debug|Any CPU.Build.0 = Debug|Any CPU
		{7B2A9C31-4E55-4B0A-9C3E-6D1F0A2B8E44}.Debug|x64.ActiveCfg = Debug|Any CPU
		{7B2A9C31-4E55-4B0A-9C3E-6D1F0A2B8E44}.Debug|x64.Build.0 = Debug|Any CPU
		{7B2A9C31-4E55-4B0A-9C3E-6D1F0A2B8E44}.Debug|x86.ActiveCfg = Debug|Any CPU
		{7B2A9C31-4E55-4B0A-9C3E-6D1F0A2B8E44}.Debug|x86.Build.0 = Debug|Any CPU
		{7B2A9C31-4E55-4B0A-9C3E-6D1F0A2B8E44}.Release|Any CPU.ActiveCfg = Release|Any CPU
		{7B2A9C31-4E55-4B0A-9C3E-6D1F0A2B8E44}.Release|Any CPU.Build.0 = Release|Any CPU
		{7B2A9C31-4E55-4B0A-9C3E-6D1F0A2B8E44}.Release|x64.ActiveCfg = Release|Any CPU
		{7B2A9C31-4E55-4B0A-9C3E-6D1F0A2B8E44}.Release|x64.Build.0 = Release|Any CPU
		{7B2A9C31-4E55-4B0A-9C3E-6D1F0A2B8E44}.Release|x86.ActiveCfg = Release|Any CPU
		{7B2A9C31-4E55-4B0A-9C3E-6D1F0A2B8E44}.Release|x86.Build.0 = Release|Any CPU
		{1626613E-596B-46EC-B0D2-9971FC9ADDFE}.Debug|Any CPU.ActiveCfg = Debug|Any CPU
		{1626613E-596B-46EC-B0D2-9971FC9ADDFE}.Debug|Any CPU.Build.0 = Debug|Any CPU
		{1626613E-596B-46EC-B0D2-9971FC9ADDFE}.Debug|x64.ActiveCfg = Debug|Any CPU
		{1626613E-596B-46EC-B0D2-9971FC9ADDFE}.Debug|x64.Build.0 = Debug|Any CPU
		{1626613E-596B-46EC-B0D2-9971FC9ADDFE}.Debug|x86.ActiveCfg = Debug|Any CPU
		{1626613E-596B-46EC-B0D2-9971FC9ADDFE}.Debug|x86.Build.0 = Debug|Any CPU
		{1626613E-596B-46EC-B0D2-9971FC9ADDFE}.Release|Any CPU.ActiveCfg = Release|Any CPU
		{1626613E-596B-46EC-B0D2-9971FC9ADDFE}.Release|Any CPU.Build.0 = Release|Any CPU
		{1626613E-596B-46EC-B0D2-9971FC9ADDFE}.Release|x64.ActiveCfg = Release|Any CPU
		{1626613E-596B-46EC-B0D2-9971FC9ADDFE}.Release|x64.Build.0 = Release|Any CPU
		{1626613E-596B-46EC-B0D2-9971FC9ADDFE}.Release|x86.ActiveCfg = Release|Any CPU
		{1626613E-596B-46EC-B0D2-9971FC9ADDFE}.Release|x86.Build.0 = Release|Any CPU
	EndGlobalSection
	GlobalSection(SolutionProperties) = preSolution
		HideSolutionNode = FALSE
	EndGlobalSection
EndGlobal
